{
  "name": "scripts",
  "lockfileVersion": 3,
  "requires": true,
  "packages": {
    "": {
      "dependencies": {
        "@mtuser/pt-passport": "file:mtuser-pt-passport-0.1.4.tgz"
      }
    },
    "node_modules/@mtuser/pt-passport": {
      "version": "0.1.4",
      "resolved": "file:mtuser-pt-passport-0.1.4.tgz",
      "integrity": "sha512-ATxwKpQvsQEwmtWxx26YyLkRq5IpUhvL3/Cukl2642Qpv4W92V7LdDSbBhxKe7BgDq5jYiR3fKClNTtUxD42Ug==",
      "bundleDependencies": [
        "@sec/cliguard"
      ],
      "dependencies": {
        "@sec/cliguard": "^1.3.0"
      },
      "bin": {
        "pt-passport": "dist/index.js"
      },
      "engines": {
        "node": ">=18.0.0"
      }
    },
    "node_modules/@mtuser/pt-passport/node_modules/@sec/cliguard": {
      "version": "1.3.0",
      "inBundle": true,
      "license": "MIT",
      "bin": {
        "cliguard": "index.js"
      },
      "engines": {
        "node": ">=16.0.0"
      }
    }
  }
}
